
Microsoft Visual Studio Solution File, Format Version 12.00
# Visual Studio Version 17
VisualStudioVersion = 17.0.31903.59
MinimumVisualStudioVersion = 10.0.40219.1
Project("{2150E333-8FDC-42A3-9474-1A3956D46DE8}") = "src", "src", "{827E0CD3-B72D-47B6-A68D-7590B98EB39B}"
EndProject
Project("{FAE04EC0-301F-11D3-BF4B-00C04F79EFBC}") = "TenantCore.Api", "src\TenantCore.Api\TenantCore.Api.csproj", "{45BD81AB-A984-4168-980F-456DFBF9FEE7}"
EndProject
Project("{FAE04EC0-301F-11D3-BF4B-00C04F79EFBC}") = "TenantCore.Application", "src\TenantCore.Application\TenantCore.Application.csproj", "{D8DCDFE3-4C5E-4F31-91D2-70E28014D427}"
EndProject
Project("{FAE04EC0-301F-11D3-BF4B-00C04F79EFBC}") = "TenantCore.Domain", "src\TenantCore.Domain\TenantCore.Domain.csproj", "{B6CB636C-15FE-4F2B-98F2-DA24A9161834}"
EndProject
Project("{FAE04EC0-301F-11D3-BF4B-00C04F79EFBC}") = "TenantCore.Infrastructure", "src\TenantCore.Infrastructure\TenantCore.Infrastructure.csproj", "{CA62E2E2-501E-4C3A-9CC7-9B51598BD557}"
EndProject
Project("{2150E333-8FDC-42A3-9474-1A3956D46DE8}") = "tests", "tests", "{0AB3BF05-4346-4AA6-1389-037BE0695223}"
EndProject
Project("{FAE04EC0-301F-11D3-BF4B-00C04F79EFBC}") = "TenantCore.UnitTests", "tests\TenantCore.UnitTests\TenantCore.UnitTests.csproj", "{CC1DDC4B-703A-469A-8D9E-8701CDF64988}"
EndProject
Project("{FAE04EC0-301F-11D3-BF4B-00C04F79EFBC}") = "TenantCore.IntegrationTests", "tests\TenantCore.IntegrationTests\TenantCore.IntegrationTests.csproj", "{D363D34B-45CB-4EB2-911D-069D9C04873B}"
EndProject
Global
	GlobalSection(SolutionConfigurationPlatforms) = preSolution
		Debug|Any CPU = Debug|Any CPU
		Debug|x64 = Debug|x64
		Debug|x86 = Debug|x86
		Release|Any CPU = Release|Any CPU
		Release|x64 = Release|x64
		Release|x86 = Release|x86
	EndGlobalSection
	GlobalSection(ProjectConfigurationPlatforms) = postSolution
		{45BD81AB-A984-4168-980F-456DFBF9FEE7}.Debug|Any CPU.ActiveCfg = Debug|Any CPU
		{45BD81AB-A984-4168-980F-456DFBF9FEE7}.Debug|Any CPU.Build.0 = Debug|Any CPU
		{45BD81AB-A984-4168-980F-456DFBF9FEE7}.Debug|x64.ActiveCfg = Debug|Any CPU
		{45BD81AB-A984-4168-980F-456DFBF9FEE7}.Debug|x64.Build.0 = Debug|Any CPU
		{45BD81AB-A984-4168-980F-456DFBF9FEE7}.Debug|x86.ActiveCfg = Debug|Any CPU
		{45BD81AB-A984-4168-980F-456DFBF9FEE7}.Debug|x86.Build.0 = Debug|Any CPU
		{45BD81AB-A984-4168-980F-456DFBF9FEE7}.Release|Any CPU.ActiveCfg = Release|Any CPU
		{45BD81AB-A984-4168-980F-456DFBF9FEE7}.Release|Any CPU.Build.0 = Release|Any CPU
		{45BD81AB-A984-4168-980F-456DFBF9FEE7}.Release|x64.ActiveCfg = Release|Any CPU
		{45BD81AB-A984-4168-980F-456DFBF9FEE7}.Release|x64.Build.0 = Release|Any CPU
		{45BD81AB-A984-4168-980F-456DFBF9FEE7}.Release|x86.ActiveCfg = Release|Any CPU
		{45BD81AB-A984-4168-980F-456DFBF9FEE7}.Release|x86.Build.0 = Release|Any CPU
		{D8DCDFE3-4C5E-4F31-91D2-70E28014D427}.Debug|Any CPU.ActiveCfg = Debug|Any CPU
		{D8DCDFE3-4C5E-4F31-91D2-70E28014D427}.Debug|Any CPU.Build.0 = Debug|Any CPU
		{D8DCDFE3-4C5E-4F31-91D2-70E28014D427}.Debug|x64.ActiveCfg = Debug|Any CPU
		{D8DCDFE3-4C5E-4F31-91D2-70E28014D427}.Debug|x64.Build.0 = Debug|Any CPU
		{D8DCDFE3-4C5E-4F31-91D2-70E28014D427}.Debug|x86.ActiveCfg = Debug|Any CPU
		{D8DCDFE3-4C5E-4F31-91D2-70E28014D427}.Debug|x86.Build.0 = Debug|Any CPU
		{D8DCDFE3-4C5E-4F31-91D2-70E28014D427}.Release|Any CPU.ActiveCfg = Release|Any CPU
		{D8DCDFE3-4C5E-4F31-91D2-70E28014D427}.Release|Any CPU.Build.0 = Release|Any CPU
		{D8DCDFE3-4C5E-4F31-91D2-70E28014D427}.Release|x64.ActiveCfg = Release|Any CPU
		{D8DCDFE3-4C5E-4F31-91D2-70E28014D427}.Release|x64.Build.0 = Release|Any CPU
		{D8DCDFE3-4C5E-4F31-91D2-70E28014D427}.Release|x86.ActiveCfg = Release|Any CPU
		{D8DCDFE3-4C5E-4F31-91D2-70E28014D427}.Release|x86.Build.0 = Release|Any CPU
		{B6CB636C-15FE-4F2B-98F2-DA24A9161834}.Debug|Any CPU.ActiveCfg = Debug|Any CPU
		{B6CB636C-15FE-4F2B-98F2-DA24A9161834}.Debug|Any CPU.Build.0 = Debug|Any CPU
		{B6CB636C-15FE-4F2B-98F2-DA24A9161834}.Debug|x64.ActiveCfg = Debug|Any CPU
		{B6CB636C-15FE-4F2B-98F2-DA24A9161834}.Debug|x64.Build.0 = Debug|Any CPU
		{B6CB636C-15FE-4F2B-98F2-DA24A9161834}.Debug|x86.ActiveCfg = Debug|Any CPU
		{B6CB636C-15FE-4F2B-98F2-DA24A9161834}.Debug|x86.Build.0 = Debug|Any CPU
		{B6CB636C-15FE-4F2B-98F2-DA24A9161834}.Release|Any CPU.ActiveCfg = Release|Any CPU
		{B6CB636C-15FE-4F2B-98F2-DA24A9161834}.Release|Any CPU.Build.0 = Release|Any CPU
		{B6CB636C-15FE-4F2B-98F2-DA24A9161834}.Release|x64.ActiveCfg = Release|Any CPU
		{B6CB636C-15FE-4F2B-98F2-DA24A9161834}.Release|x64.Build.0 = Release|Any CPU
		{B6CB636C-15FE-4F2B-98F2-DA24A9161834}.Release|x86.ActiveCfg = Release|Any CPU
		{B6CB636C-15FE-4F2B-98F2-DA24A9161834}.Release|x86.Build.0 = Release|Any CPU
		{CA62E2E2-501E-4C3A-9CC7-9B51598BD557}.Debug|Any CPU.ActiveCfg = Debug|Any CPU
		{CA62E2E2-501E-4C3A-9CC7-9B51598BD557}.Debug|Any CPU.Build.0 = Debug|Any CPU
		{CA62E2E2-501E-4C3A-9CC7-9B51598BD557}.Debug|x64.ActiveCfg = Debug|Any CPU
		{CA62E2E2-501E-4C3A-9CC7-9B51598BD557}.Debug|x64.Build.0 = Debug|Any CPU
		{CA62E2E2-501E-4C3A-9CC7-9B51598BD557}.Debug|x86.ActiveCfg = Debug|Any CPU
		{CA62E2E2-501E-4C3A-9CC7-9B51598BD557}.Debug|x86.Build.0 = Debug|Any CPU
		{CA62E2E2-501E-4C3A-9CC7-9B51598BD557}.Release|Any CPU.ActiveCfg = Release|Any CPU
		{CA62E2E2-501E-4C3A-9CC7-9B51598BD557}.Release|Any CPU.Build.0 = Release|Any CPU
		{CA62E2E2-501E-4C3A-9CC7-9B51598BD557}.Release|x64.ActiveCfg = Release|Any CPU
		{CA62E2E2-501E-4C3A-9CC7-9B51598BD557}.Release|x64.Build.0 = Release|Any CPU
		{CA62E2E2-501E-4C3A-9CC7-9B51598BD557}.Release|x86.ActiveCfg = Release|Any CPU
		{CA62E2E2-501E-4C3A-9CC7-9B51598BD557}.Release|x86.Build.0 = Release|Any CPU
		{CC1DDC4B-703A-469A-8D9E-8701CDF64988}.Debug|Any CPU.ActiveCfg = Debug|Any CPU
		{CC1DDC4B-703A-469A-8D9E-8701CDF64988}.Debug|Any CPU.Build.0 = Debug|Any CPU
		{CC1DDC4B-703A-469A-8D9E-8701CDF64988}.Debug|x64.ActiveCfg = Debug|Any CPU
		{CC1DDC4B-703A-469A-8D9E-8701CDF64988}.Debug|x64.Build.0 = Debug|Any CPU
		{CC1DDC4B-703A-469A-8D9E-8701CDF64988}.Debug|x86.ActiveCfg = Debug|Any CPU
		{CC1DDC4B-703A-469A-8D9E-8701CDF64988}.Debug|x86.Build.0 = Debug|Any CPU
		{CC1DDC4B-703A-469A-8D9E-8701CDF64988}.Release|Any CPU.ActiveCfg = Release|Any CPU
		{CC1DDC4B-703A-469A-8D9E-8701CDF64988}.Release|Any CPU.Build.0 = Release|Any CPU
		{CC1DDC4B-703A-469A-8D9E-8701CDF64988}.Release|x64.ActiveCfg = Release|Any CPU
		{CC1DDC4B-703A-469A-8D9E-8701CDF64988}.Release|x64.Build.0 = Release|Any CPU
		{CC1DDC4B-703A-469A-8D9E-8701CDF64988}.Release|x86.ActiveCfg = Release|Any CPU
		{CC1DDC4B-703A-469A-8D9E-8701CDF64988}.Release|x86.Build.0 = Release|Any CPU
		{D363D34B-45CB-4EB2-911D-069D9C04873B}.Debug|Any CPU.ActiveCfg = Debug|Any CPU
		{D363D34B-45CB-4EB2-911D-069D9C04873B}.Debug|Any CPU.Build.0 = Debug|Any CPU
		{D363D34B-45CB-4EB2-911D-069D9C04873B}.Debug|x64.ActiveCfg = Debug|Any CPU
		{D363D34B-45CB-4EB2-911D-069D9C04873B}.Debug|x64.Build.0 = Debug|Any CPU
		{D363D34B-45CB-4EB2-911D-069D9C04873B}.Debug|x86.ActiveCfg = Debug|Any CPU
		{D363D34B-45CB-4EB2-911D-069D9C04873B}.Debug|x86.Build.0 = Debug|Any CPU
		{D363D34B-45CB-4EB2-911D-069D9C04873B}.Release|Any CPU.ActiveCfg = Release|Any CPU
		{D363D34B-45CB-4EB2-911D-069D9C04873B}.Release|Any CPU.Build.0 = Release|Any CPU
		{D363D34B-45CB-4EB2-911D-069D9C04873B}.Release|x64.ActiveCfg = Release|Any CPU
		{D363D34B-45CB-4EB2-911D-069D9C04873B}.Release|x64.Build.0 = Release|Any CPU
		{D363D34B-45CB-4EB2-911D-069D9C04873B}.Release|x86.ActiveCfg = Release|Any CPU
		{D363D34B-45CB-4EB2-911D-069D9C04873B}.Release|x86.Build.0 = Release|Any CPU
	EndGlobalSection
	GlobalSection(SolutionProperties) = preSolution
		HideSolutionNode = FALSE
	EndGlobalSection
	GlobalSection(NestedProjects) = preSolution
		{45BD81AB-A984-4168-980F-456DFBF9FEE7} = {827E0CD3-B72D-47B6-A68D-7590B98EB39B}
		{D8DCDFE3-4C5E-4F31-91D2-70E28014D427} = {827E0CD3-B72D-47B6-A68D-7590B98EB39B}
		{B6CB636C-15FE-4F2B-98F2-DA24A9161834} = {827E0CD3-B72D-47B6-A68D-7590B98EB39B}
		{CA62E2E2-501E-4C3A-9CC7-9B51598BD557} = {827E0CD3-B72D-47B6-A68D-7590B98EB39B}
		{CC1DDC4B-703A-469A-8D9E-8701CDF64988} = {0AB3BF05-4346-4AA6-1389-037BE0695223}
		{D363D34B-45CB-4EB2-911D-069D9C04873B} = {0AB3BF05-4346-4AA6-1389-037BE0695223}
	EndGlobalSection
EndGlobal
